// !$*UTF8*$!
{
	archiveVersion = 1;
	classes = {
	};
	objectVersion = 46;
	objects = {

/* Begin PBXBuildFile section */
		858F218F1B8C5F1200E8CCBF /* main.m in Sources */ = {isa = PBXBuildFile; fileRef = 858F218E1B8C5F1200E8CCBF /* main.m */; };
		858F21921B8C5F1200E8CCBF /* AppDelegate.m in Sources */ = {isa = PBXBuildFile; fileRef = 858F21911B8C5F1200E8CCBF /* AppDelegate.m */; };
		858F21951B8C5F1200E8CCBF /* ViewController.m in Sources */ = {isa = PBXBuildFile; fileRef = 858F21941B8C5F1200E8CCBF /* ViewController.m */; };
		858F21981B8C5F1200E8CCBF /* Main.storyboard in Resources */ = {isa = PBXBuildFile; fileRef = 858F21961B8C5F1200E8CCBF /* Main.storyboard */; };
		858F219A1B8C5F1200E8CCBF /* Images.xcassets in Resources */ = {isa = PBXBuildFile; fileRef = 858F21991B8C5F1200E8CCBF /* Images.xcassets */; };
		858F219D1B8C5F1200E8CCBF /* LaunchScreen.xib in Resources */ = {isa = PBXBuildFile; fileRef = 858F219B1B8C5F1200E8CCBF /* LaunchScreen.xib */; };
		858F21A91B8C5F1200E8CCBF /* Demo02_GitHubTests.m in Sources */ = {isa = PBXBuildFile; fileRef = 858F21A81B8C5F1200E8CCBF /* Demo02_GitHubTests.m */; };
/* End PBXBuildFile section */

/* Begin PBXContainerItemProxy section */
		858F21A31B8C5F1200E8CCBF /* PBXContainerItemProxy */ = {
			isa = PBXContainerItemProxy;
			containerPortal = 858F21811B8C5F1200E8CCBF /* Project object */;
			proxyType = 1;
			remoteGlobalIDString = 858F21881B8C5F1200E8CCBF;
			remoteInfo = Demo02_GitHub;
		};
/* End PBXContainerItemProxy section */

/* Begin PBXFileReference section */
		858F21891B8C5F1200E8CCBF /* Demo02_GitHub.app */ = {isa = PBXFileReference; explicitFileType = wrapper.application; includeInIndex = 0; path = Demo02_GitHub.app; sourceTree = BUILT_PRODUCTS_DIR; };
		858F218D1B8C5F1200E8CCBF /* Info.plist */ = {isa = PBXFileReference; lastKnownFileType = text.plist.xml; path = Info.plist; sourceTree = "<group>"; };
		858F218E1B8C5F1200E8CCBF /* main.m */ = {isa = PBXFileReference; lastKnownFileType = sourcecode.c.objc; path = main.m; sourceTree = "<group>"; };
		858F21901B8C5F1200E8CCBF /* AppDelegate.h */ = {isa = PBXFileReference; lastKnownFileType = sourcecode.c.h; path = AppDelegate.h; sourceTree = "<group>"; };
		858F21911B8C5F1200E8CCBF /* AppDelegate.m */ = {isa = PBXFileReference; lastKnownFileType = sourcecode.c.objc; path = AppDelegate.m; sourceTree = "<group>"; };
		858F21931B8C5F1200E8CCBF /* ViewController.h */ = {isa = PBXFileReference; lastKnownFileType = sourcecode.c.h; path = ViewController.h; sourceTree = "<group>"; };
		858F21941B8C5F1200E8CCBF /* ViewController.m */ = {isa = PBXFileReference; lastKnownFileType = sourcecode.c.objc; path = ViewController.m; sourceTree = "<group>"; };
		858F21971B8C5F1200E8CCBF /* Base */ = {isa = PBXFileReference; lastKnownFileType = file.storyboard; name = Base; path = Base.lproj/Main.storyboard; sourceTree = "<group>"; };
		858F21991B8C5F1200E8CCBF /* Images.xcassets */ = {isa = PBXFileReference; lastKnownFileType = folder.assetcatalog; path = Images.xcassets; sourceTree = "<group>"; };
		858F219C1B8C5F1200E8CCBF /* Base */ = {isa = PBXFileReference; lastKnownFileType = file.xib; name = Base; path = Base.lproj/LaunchScreen.xib; sourceTree = "<group>"; };
		858F21A21B8C5F1200E8CCBF /* Demo02_GitHubTests.xctest */ = {isa = PBXFileReference; explicitFileType = wrapper.cfbundle; includeInIndex = 0; path = Demo02_GitHubTests.xctest; sourceTree = BUILT_PRODUCTS_DIR; };
		858F21A71B8C5F1200E8CCBF /* Info.plist */ = {isa = PBXFileReference; lastKnownFileType = text.plist.xml; path = Info.plist; sourceTree = "<group>"; };
		858F21A81B8C5F1200E8CCBF /* Demo02_GitHubTests.m */ = {isa = PBXFileReference; lastKnownFileType = sourcecode.c.objc; path = Demo02_GitHubTests.m; sourceTree = "<group>"; };
/* End PBXFileReference section */

/* Begin PBXFrameworksBuildPhase section */
		858F21861B8C5F1200E8CCBF /* Frameworks */ = {
			isa = PBXFrameworksBuildPhase;
			buildActionMask = 2147483647;
			files = (
			);
			runOnlyForDeploymentPostprocessing = 0;
		};
		858F219F1B8C5F1200E8CCBF /* Frameworks */ = {
			isa = PBXFrameworksBuildPhase;
			buildActionMask = 2147483647;
			files = (
			);
			runOnlyForDeploymentPostprocessing = 0;
		};
/* End PBXFrameworksBuildPhase section */

/* Begin PBXGroup section */
		858F21801B8C5F1200E8CCBF = {
			isa = PBXGroup;
			children = (
				858F218B1B8C5F1200E8CCBF /* Demo02_GitHub */,
				858F21A51B8C5F1200E8CCBF /* Demo02_GitHubTests */,
				858F218A1B8C5F1200E8CCBF /* Products */,
			);
			sourceTree = "<group>";
		};
		858F218A1B8C5F1200E8CCBF /* Products */ = {
			isa = PBXGroup;
			children = (
				858F21891B8C5F1200E8CCBF /* Demo02_GitHub.app */,
				858F21A21B8C5F1200E8CCBF /* Demo02_GitHubTests.xctest */,
			);
			name = Products;
			sourceTree = "<group>";
		};
		858F218B1B8C5F1200E8CCBF /* Demo02_GitHub */ = {
			isa = PBXGroup;
			children = (
				858F21901B8C5F1200E8CCBF /* AppDelegate.h */,
				858F21911B8C5F1200E8CCBF /* AppDelegate.m */,
				858F21931B8C5F1200E8CCBF /* ViewController.h */,
				858F21941B8C5F1200E8CCBF /* ViewController.m */,
				858F21961B8C5F1200E8CCBF /* Main.storyboard */,
				858F21991B8C5F1200E8CCBF /* Images.xcassets */,
				858F219B1B8C5F1200E8CCBF /* LaunchScreen.xib */,
				858F218C1B8C5F1200E8CCBF /* Supporting Files */,
			);
			path = Demo02_GitHub;
			sourceTree = "<group>";
		};
		858F218C1B8C5F1200E8CCBF /* Supporting Files */ = {
			isa = PBXGroup;
			children = (
				858F218D1B8C5F1200E8CCBF /* Info.plist */,
				858F218E1B8C5F1200E8CCBF /* main.m */,
			);
			name = "Supporting Files";
			sourceTree = "<group>";
		};
		858F21A51B8C5F1200E8CCBF /* Demo02_GitHubTests */ = {
			isa = PBXGroup;
			children = (
				858F21A81B8C5F1200E8CCBF /* Demo02_GitHubTests.m */,
				858F21A61B8C5F1200E8CCBF /* Supporting Files */,
			);
			path = Demo02_GitHubTests;
			sourceTree = "<group>";
		};
		858F21A61B8C5F1200E8CCBF /* Supporting Files */ = {
			isa = PBXGroup;
			children = (
				858F21A71B8C5F1200E8CCBF /* Info.plist */,
			);
			name = "Supporting Files";
			sourceTree = "<group>";
		};
/* End PBXGroup section */

/* Begin PBXNativeTarget section */
		858F21881B8C5F1200E8CCBF /* Demo02_GitHub */ = {
			isa = PBXNativeTarget;
			buildConfigurationList = 858F21AC1B8C5F1200E8CCBF /* Build configuration list for PBXNativeTarget "Demo02_GitHub" */;
			buildPhases = (
				858F21851B8C5F1200E8CCBF /* Sources */,
				858F21861B8C5F1200E8CCBF /* Frameworks */,
				858F21871B8C5F1200E8CCBF /* Resources */,
			);
			buildRules = (
			);
			dependencies = (
			);
			name = Demo02_GitHub;
			productName = Demo02_GitHub;
			productReference = 858F21891B8C5F1200E8CCBF /* Demo02_GitHub.app */;
			productType = "com.apple.product-type.application";
		};
		858F21A11B8C5F1200E8CCBF /* Demo02_GitHubTests */ = {
			isa = PBXNativeTarget;
			buildConfigurationList = 858F21AF1B8C5F1200E8CCBF /* Build configuration list for PBXNativeTarget "Demo02_GitHubTests" */;
			buildPhases = (
				858F219E1B8C5F1200E8CCBF /* Sources */,
				858F219F1B8C5F1200E8CCBF /* Frameworks */,
				858F21A01B8C5F1200E8CCBF /* Resources */,
			);
			buildRules = (
			);
			dependencies = (
				858F21A41B8C5F1200E8CCBF /* PBXTargetDependency */,
			);
			name = Demo02_GitHubTests;
			productName = Demo02_GitHubTests;
			productReference = 858F21A21B8C5F1200E8CCBF /* Demo02_GitHubTests.xctest */;
			productType = "com.apple.product-type.bundle.unit-test";
		};
/* End PBXNativeTarget section */

/* Begin PBXProject section */
		858F21811B8C5F1200E8CCBF /* Project object */ = {
			isa = PBXProject;
			attributes = {
				LastUpgradeCheck = 0610;
				ORGANIZATIONNAME = tarena;
				TargetAttributes = {
					858F21881B8C5F1200E8CCBF = {
						CreatedOnToolsVersion = 6.1;
					};
					858F21A11B8C5F1200E8CCBF = {
						CreatedOnToolsVersion = 6.1;
						TestTargetID = 858F21881B8C5F1200E8CCBF;
					};
				};
			};
			buildConfigurationList = 858F21841B8C5F1200E8CCBF /* Build configuration list for PBXProject "Demo02_GitHub" */;
			compatibilityVersion = "Xcode 3.2";
			developmentRegion = English;
			hasScannedForEncodings = 0;
			knownRegions = (
				en,
				Base,
			);
			mainGroup = 858F21801B8C5F1200E8CCBF;
			productRefGroup = 858F218A1B8C5F1200E8CCBF /* Products */;
			projectDirPath = "";
			projectRoot = "";
			targets = (
				858F21881B8C5F1200E8CCBF /* Demo02_GitHub */,
				858F21A11B8C5F1200E8CCBF /* Demo02_GitHubTests */,
			);
		};
/* End PBXProject section */

/* Begin PBXResourcesBuildPhase section */
		858F21871B8C5F1200E8CCBF /* Resources */ = {
			isa = PBXResourcesBuildPhase;
			buildActionMask = 2147483647;
			files = (
				858F21981B8C5F1200E8CCBF /* Main.storyboard in Resources */,
				858F219D1B8C5F1200E8CCBF /* LaunchScreen.xib in Resources */,
				858F219A1B8C5F1200E8CCBF /* Images.xcassets in Resources */,
			);
			runOnlyForDeploymentPostprocessing = 0;
		};
		858F21A01B8C5F1200E8CCBF /* Resources */ = {
			isa = PBXResourcesBuildPhase;
			buildActionMask = 2147483647;
			files = (
			);
			runOnlyForDeploymentPostprocessing = 0;
		};
/* End PBXResourcesBuildPhase section */

/* Begin PBXSourcesBuildPhase section */
		858F21851B8C5F1200E8CCBF /* Sources */ = {
			isa = PBXSourcesBuildPhase;
			buildActionMask = 2147483647;
			files = (
				858F21951B8C5F1200E8CCBF /* ViewController.m in Sources */,
				858F21921B8C5F1200E8CCBF /* AppDelegate.m in Sources */,
				858F218F1B8C5F1200E8CCBF /* main.m in Sources */,
			);
			runOnlyForDeploymentPostprocessing = 0;
		};
		858F219E1B8C5F1200E8CCBF /* Sources */ = {
			isa = PBXSourcesBuildPhase;
			buildActionMask = 2147483647;
			files = (
				858F21A91B8C5F1200E8CCBF /* Demo02_GitHubTests.m in Sources */,
			);
			runOnlyForDeploymentPostprocessing = 0;
		};
/* End PBXSourcesBuildPhase section */

/* Begin PBXTargetDependency section */
		858F21A41B8C5F1200E8CCBF /* PBXTargetDependency */ = {
			isa = PBXTargetDependency;
			target = 858F21881B8C5F1200E8CCBF /* Demo02_GitHub */;
			targetProxy = 858F21A31B8C5F1200E8CCBF /* PBXContainerItemProxy */;
		};
/* End PBXTargetDependency section */

/* Begin PBXVariantGroup section */
		858F21961B8C5F1200E8CCBF /* Main.storyboard */ = {
			isa = PBXVariantGroup;
			children = (
				858F21971B8C5F1200E8CCBF /* Base */,
			);
			name = Main.storyboard;
			sourceTree = "<group>";
		};
		858F219B1B8C5F1200E8CCBF /* LaunchScreen.xib */ = {
			isa = PBXVariantGroup;
			children = (
				858F219C1B8C5F1200E8CCBF /* Base */,
			);
			name = LaunchScreen.xib;
			sourceTree = "<group>";
		};
/* End PBXVariantGroup section */

/* Begin XCBuildConfiguration section */
		858F21AA1B8C5F1200E8CCBF /* Debug */ = {
			isa = XCBuildConfiguration;
			buildSettings = {
				ALWAYS_SEARCH_USER_PATHS = NO;
				CLANG_CXX_LANGUAGE_STANDARD = "gnu++0x";
				CLANG_CXX_LIBRARY = "libc++";
				CLANG_ENABLE_MODULES = YES;
				CLANG_ENABLE_OBJC_ARC = YES;
				CLANG_WARN_BOOL_CONVERSION = YES;
				CLANG_WARN_CONSTANT_CONVERSION = YES;
				CLANG_WARN_DIRECT_OBJC_ISA_USAGE = YES_ERROR;
				CLANG_WARN_EMPTY_BODY = YES;
				CLANG_WARN_ENUM_CONVERSION = YES;
				CLANG_WARN_INT_CONVERSION = YES;
				CLANG_WARN_OBJC_ROOT_CLASS = YES_ERROR;
				CLANG_WARN_UNREACHABLE_CODE = YES;
				CLANG_WARN__DUPLICATE_METHOD_MATCH = YES;
				"CODE_SIGN_IDENTITY[sdk=iphoneos*]" = "iPhone Developer";
				COPY_PHASE_STRIP = NO;
				ENABLE_STRICT_OBJC_MSGSEND = YES;
				GCC_C_LANGUAGE_STANDARD = gnu99;
				GCC_DYNAMIC_NO_PIC = NO;
				GCC_OPTIMIZATION_LEVEL = 0;
				GCC_PREPROCESSOR_DEFINITIONS = (
					"DEBUG=1",
					"$(inherited)",
				);
				GCC_SYMBOLS_PRIVATE_EXTERN = NO;
				GCC_WARN_64_TO_32_BIT_CONVERSION = YES;
				GCC_WARN_ABOUT_RETURN_TYPE = YES_ERROR;
				GCC_WARN_UNDECLARED_SELECTOR = YES;
				GCC_WARN_UNINITIALIZED_AUTOS = YES_AGGRESSIVE;
				GCC_WARN_UNUSED_FUNCTION = YES;
				GCC_WARN_UNUSED_VARIABLE = YES;
				IPHONEOS_DEPLOYMENT_TARGET = 8.1;
				MTL_ENABLE_DEBUG_INFO = YES;
				ONLY_ACTIVE_ARCH = YES;
				SDKROOT = iphoneos;
			};
			name = Debug;
		};
		858F21AB1B8C5F1200E8CCBF /* Release */ = {
			isa = XCBuildConfiguration;
			buildSettings = {
				ALWAYS_SEARCH_USER_PATHS = NO;
				CLANG_CXX_LANGUAGE_STANDARD = "gnu++0x";
				CLANG_CXX_LIBRARY = "libc++";
				CLANG_ENABLE_MODULES = YES;
				CLANG_ENABLE_OBJC_ARC = YES;
				CLANG_WARN_BOOL_CONVERSION = YES;
				CLANG_WARN_CONSTANT_CONVERSION = YES;
				CLANG_WARN_DIRECT_OBJC_ISA_USAGE = YES_ERROR;
				CLANG_WARN_EMPTY_BODY = YES;
				CLANG_WARN_ENUM_CONVERSION = YES;
				CLANG_WARN_INT_CONVERSION = YES;
				CLANG_WARN_OBJC_ROOT_CLASS = YES_ERROR;
				CLANG_WARN_UNREACHABLE_CODE = YES;
				CLANG_WARN__DUPLICATE_METHOD_MATCH = YES;
				"CODE_SIGN_IDENTITY[sdk=iphoneos*]" = "iPhone Developer";
				COPY_PHASE_STRIP = YES;
				ENABLE_NS_ASSERTIONS = NO;
				ENABLE_STRICT_OBJC_MSGSEND = YES;
				GCC_C_LANGUAGE_STANDARD = gnu99;
				GCC_WARN_64_TO_32_BIT_CONVERSION = YES;
				GCC_WARN_ABOUT_RETURN_TYPE = YES_ERROR;
				GCC_WARN_UNDECLARED_SELECTOR = YES;
				GCC_WARN_UNINITIALIZED_AUTOS = YES_AGGRESSIVE;
				GCC_WARN_UNUSED_FUNCTION = YES;
				GCC_WARN_UNUSED_VARIABLE = YES;
				IPHONEOS_DEPLOYMENT_TARGET = 8.1;
				MTL_ENABLE_DEBUG_INFO = NO;
				SDKROOT = iphoneos;
				VALIDATE_PRODUCT = YES;
			};
			name = Release;
		};
		858F21AD1B8C5F1200E8CCBF /* Debug */ = {
			isa = XCBuildConfiguration;
			buildSettings = {
				ASSETCATALOG_COMPILER_APPICON_NAME = AppIcon;
				INFOPLIST_FILE = Demo02_GitHub/Info.plist;
				LD_RUNPATH_SEARCH_PATHS = "$(inherited) @executable_path/Frameworks";
				PRODUCT_NAME = "$(TARGET_NAME)";
			};
			name = Debug;
		};
		858F21AE1B8C5F1200E8CCBF /* Release */ = {
			isa = XCBuildConfiguration;
			buildSettings = {
				ASSETCATALOG_COMPILER_APPICON_NAME = AppIcon;
				INFOPLIST_FILE = Demo02_GitHub/Info.plist;
				LD_RUNPATH_SEARCH_PATHS = "$(inherited) @executable_path/Frameworks";
				PRODUCT_NAME = "$(TARGET_NAME)";
			};
			name = Release;
		};
		858F21B01B8C5F1200E8CCBF /* Debug */ = {
			isa = XCBuildConfiguration;
			buildSettings = {
				BUNDLE_LOADER = "$(TEST_HOST)";
				FRAMEWORK_SEARCH_PATHS = (
					"$(SDKROOT)/Developer/Library/Frameworks",
					"$(inherited)",
				);
				GCC_PREPROCESSOR_DEFINITIONS = (
					"DEBUG=1",
					"$(inherited)",
				);
				INFOPLIST_FILE = Demo02_GitHubTests/Info.plist;
				LD_RUNPATH_SEARCH_PATHS = "$(inherited) @executable_path/Frameworks @loader_path/Frameworks";
				PRODUCT_NAME = "$(TARGET_NAME)";
				TEST_HOST = "$(BUILT_PRODUCTS_DIR)/Demo02_GitHub.app/Demo02_GitHub";
			};
			name = Debug;
		};
		858F21B11B8C5F1200E8CCBF /* Release */ = {
			isa = XCBuildConfiguration;
			buildSettings = {
				BUNDLE_LOADER = "$(TEST_HOST)";
				FRAMEWORK_SEARCH_PATHS = (
					"$(SDKROOT)/Developer/Library/Frameworks",
					"$(inherited)",
				);
				INFOPLIST_FILE = Demo02_GitHubTests/Info.plist;
				LD_RUNPATH_SEARCH_PATHS = "$(inherited) @executable_path/Frameworks @loader_path/Frameworks";
				PRODUCT_NAME = "$(TARGET_NAME)";
				TEST_HOST = "$(BUILT_PRODUCTS_DIR)/Demo02_GitHub.app/Demo02_GitHub";
			};
			name = Release;
		};
/* End XCBuildConfiguration section */

/* Begin XCConfigurationList section */
		858F21841B8C5F1200E8CCBF /* Build configuration list for PBXProject "Demo02_GitHub" */ = {
			isa = XCConfigurationList;
			buildConfigurations = (
				858F21AA1B8C5F1200E8CCBF /* Debug */,
				858F21AB1B8C5F1200E8CCBF /* Release */,
			);
			defaultConfigurationIsVisible = 0;
			defaultConfigurationName = Release;
		};
		858F21AC1B8C5F1200E8CCBF /* Build configuration list for PBXNativeTarget "Demo02_GitHub" */ = {
			isa = XCConfigurationList;
			buildConfigurations = (
				858F21AD1B8C5F1200E8CCBF /* Debug */,
				858F21AE1B8C5F1200E8CCBF /* Release */,
			);
			defaultConfigurationIsVisible = 0;
		};
		858F21AF1B8C5F1200E8CCBF /* Build configuration list for PBXNativeTarget "Demo02_GitHubTests" */ = {
			isa = XCConfigurationList;
			buildConfigurations = (
				858F21B01B8C5F1200E8CCBF /* Debug */,
				858F21B11B8C5F1200E8CCBF /* Release */,
			);
			defaultConfigurationIsVisible = 0;
		};
/* End XCConfigurationList section */
	};
	rootObject = 858F21811B8C5F1200E8CCBF /* Project object */;
}
